// !$*UTF8*$!
{
	archiveVersion = 1;
	classes = {
	};
	objectVersion = 55;
	objects = {

/* Begin PBXBuildFile section */
		F424DA0E292EA60800D6AC7C /* NewLessonViewController.swift in Sources */ = {isa = PBXBuildFile; fileRef = F424DA0D292EA60800D6AC7C /* NewLessonViewController.swift */; };
		F424DA10292EACD300D6AC7C /* LessonViewCell.swift in Sources */ = {isa = PBXBuildFile; fileRef = F424DA0F292EACD300D6AC7C /* LessonViewCell.swift */; };
		F4A099F7292E515B00AB1632 /* AppDelegate.swift in Sources */ = {isa = PBXBuildFile; fileRef = F4A099F6292E515B00AB1632 /* AppDelegate.swift */; };
		F4A099F9292E515B00AB1632 /* SceneDelegate.swift in Sources */ = {isa = PBXBuildFile; fileRef = F4A099F8292E515B00AB1632 /* SceneDelegate.swift */; };
		F4A099FE292E515B00AB1632 /* Main.storyboard in Resources */ = {isa = PBXBuildFile; fileRef = F4A099FC292E515B00AB1632 /* Main.storyboard */; };
		F4A09A00292E516000AB1632 /* Assets.xcassets in Resources */ = {isa = PBXBuildFile; fileRef = F4A099FF292E516000AB1632 /* Assets.xcassets */; };
		F4A09A03292E516000AB1632 /* LaunchScreen.storyboard in Resources */ = {isa = PBXBuildFile; fileRef = F4A09A01292E516000AB1632 /* LaunchScreen.storyboard */; };
		F4A09A0E292E5C5E00AB1632 /* TabBarController.swift in Sources */ = {isa = PBXBuildFile; fileRef = F4A09A0D292E5C5E00AB1632 /* TabBarController.swift */; };
		F4E7AF91292E6B3C001D14F8 /* Timetable.swift in Sources */ = {isa = PBXBuildFile; fileRef = F4E7AF90292E6B3C001D14F8 /* Timetable.swift */; };
		F4E7AF93292E74B0001D14F8 /* WeekLessonsViewController.swift in Sources */ = {isa = PBXBuildFile; fileRef = F4E7AF92292E74B0001D14F8 /* WeekLessonsViewController.swift */; };
/* End PBXBuildFile section */

/* Begin PBXFileReference section */
		F424DA0D292EA60800D6AC7C /* NewLessonViewController.swift */ = {isa = PBXFileReference; lastKnownFileType = sourcecode.swift; path = NewLessonViewController.swift; sourceTree = "<group>"; };
		F424DA0F292EACD300D6AC7C /* LessonViewCell.swift */ = {isa = PBXFileReference; lastKnownFileType = sourcecode.swift; path = LessonViewCell.swift; sourceTree = "<group>"; };
		F4A099F3292E515B00AB1632 /* TimeTablev1.app */ = {isa = PBXFileReference; explicitFileType = wrapper.application; includeInIndex = 0; path = TimeTablev1.app; sourceTree = BUILT_PRODUCTS_DIR; };
		F4A099F6292E515B00AB1632 /* AppDelegate.swift */ = {isa = PBXFileReference; lastKnownFileType = sourcecode.swift; path = AppDelegate.swift; sourceTree = "<group>"; };
		F4A099F8292E515B00AB1632 /* SceneDelegate.swift */ = {isa = PBXFileReference; lastKnownFileType = sourcecode.swift; path = SceneDelegate.swift; sourceTree = "<group>"; };
		F4A099FD292E515B00AB1632 /* Base */ = {isa = PBXFileReference; lastKnownFileType = file.storyboard; name = Base; path = Base.lproj/Main.storyboard; sourceTree = "<group>"; };
		F4A099FF292E516000AB1632 /* Assets.xcassets */ = {isa = PBXFileReference; lastKnownFileType = folder.assetcatalog; path = Assets.xcassets; sourceTree = "<group>"; };
		F4A09A02292E516000AB1632 /* Base */ = {isa = PBXFileReference; lastKnownFileType = file.storyboard; name = Base; path = Base.lproj/LaunchScreen.storyboard; sourceTree = "<group>"; };
		F4A09A04292E516000AB1632 /* Info.plist */ = {isa = PBXFileReference; lastKnownFileType = text.plist.xml; path = Info.plist; sourceTree = "<group>"; };
		F4A09A0D292E5C5E00AB1632 /* TabBarController.swift */ = {isa = PBXFileReference; lastKnownFileType = sourcecode.swift; path = TabBarController.swift; sourceTree = "<group>"; };
		F4E7AF90292E6B3C001D14F8 /* Timetable.swift */ = {isa = PBXFileReference; lastKnownFileType = sourcecode.swift; path = Timetable.swift; sourceTree = "<group>"; };
		F4E7AF92292E74B0001D14F8 /* WeekLessonsViewController.swift */ = {isa = PBXFileReference; lastKnownFileType = sourcecode.swift; path = WeekLessonsViewController.swift; sourceTree = "<group>"; };
/* End PBXFileReference section */

/* Begin PBXFrameworksBuildPhase section */
		F4A099F0292E515B00AB1632 /* Frameworks */ = {
			isa = PBXFrameworksBuildPhase;
			buildActionMask = 2147483647;
			files = (
			);
			runOnlyForDeploymentPostprocessing = 0;
		};
/* End PBXFrameworksBuildPhase section */

/* Begin PBXGroup section */
		F4A099EA292E515B00AB1632 = {
			isa = PBXGroup;
			children = (
				F4A099F5292E515B00AB1632 /* TimeTablev1 */,
				F4A099F4292E515B00AB1632 /* Products */,
			);
			sourceTree = "<group>";
		};
		F4A099F4292E515B00AB1632 /* Products */ = {
			isa = PBXGroup;
			children = (
				F4A099F3292E515B00AB1632 /* TimeTablev1.app */,
			);
			name = Products;
			sourceTree = "<group>";
		};
		F4A099F5292E515B00AB1632 /* TimeTablev1 */ = {
			isa = PBXGroup;
			children = (
				F4E7AF8F292E6B27001D14F8 /* Models */,
				F4A09A0C292E519900AB1632 /* SupportFiles */,
				F4A09A0B292E518B00AB1632 /* ViewControllers */,
				F4A09A0A292E518100AB1632 /* Storyboards */,
				F4A099FF292E516000AB1632 /* Assets.xcassets */,
				F4A09A04292E516000AB1632 /* Info.plist */,
			);
			path = TimeTablev1;
			sourceTree = "<group>";
		};
		F4A09A0A292E518100AB1632 /* Storyboards */ = {
			isa = PBXGroup;
			children = (
				F4A099FC292E515B00AB1632 /* Main.storyboard */,
				F4A09A01292E516000AB1632 /* LaunchScreen.storyboard */,
			);
			path = Storyboards;
			sourceTree = "<group>";
		};
		F4A09A0B292E518B00AB1632 /* ViewControllers */ = {
			isa = PBXGroup;
			children = (
				F4A09A0D292E5C5E00AB1632 /* TabBarController.swift */,
				F4E7AF92292E74B0001D14F8 /* WeekLessonsViewController.swift */,
				F424DA0D292EA60800D6AC7C /* NewLessonViewController.swift */,
				F424DA0F292EACD300D6AC7C /* LessonViewCell.swift */,
			);
			path = ViewControllers;
			sourceTree = "<group>";
		};
		F4A09A0C292E519900AB1632 /* SupportFiles */ = {
			isa = PBXGroup;
			children = (
				F4A099F6292E515B00AB1632 /* AppDelegate.swift */,
				F4A099F8292E515B00AB1632 /* SceneDelegate.swift */,
			);
			path = SupportFiles;
			sourceTree = "<group>";
		};
		F4E7AF8F292E6B27001D14F8 /* Models */ = {
			isa = PBXGroup;
			children = (
				F4E7AF90292E6B3C001D14F8 /* Timetable.swift */,
			);
			path = Models;
			sourceTree = "<group>";
		};
/* End PBXGroup section */

/* Begin PBXNativeTarget section */
		F4A099F2292E515B00AB1632 /* TimeTablev1 */ = {
			isa = PBXNativeTarget;
			buildConfigurationList = F4A09A07292E516000AB1632 /* Build configuration list for PBXNativeTarget "TimeTablev1" */;
			buildPhases = (
				F4A099EF292E515B00AB1632 /* Sources */,
				F4A099F0292E515B00AB1632 /* Frameworks */,
				F4A099F1292E515B00AB1632 /* Resources */,
			);
			buildRules = (
			);
			dependencies = (
			);
			name = TimeTablev1;
			productName = TimeTablev1;
			productReference = F4A099F3292E515B00AB1632 /* TimeTablev1.app */;
			productType = "com.apple.product-type.application";
		};
/* End PBXNativeTarget section */

/* Begin PBXProject section */
		F4A099EB292E515B00AB1632 /* Project object */ = {
			isa = PBXProject;
			attributes = {
				BuildIndependentTargetsInParallel = 1;
				LastSwiftUpdateCheck = 1340;
				LastUpgradeCheck = 1340;
				TargetAttributes = {
					F4A099F2292E515B00AB1632 = {
						CreatedOnToolsVersion = 13.4.1;
					};
				};
			};
			buildConfigurationList = F4A099EE292E515B00AB1632 /* Build configuration list for PBXProject "TimeTablev1" */;
			compatibilityVersion = "Xcode 13.0";
			developmentRegion = en;
			hasScannedForEncodings = 0;
			knownRegions = (
				en,
				Base,
			);
			mainGroup = F4A099EA292E515B00AB1632;
			productRefGroup = F4A099F4292E515B00AB1632 /* Products */;
			projectDirPath = "";
			projectRoot = "";
			targets = (
				F4A099F2292E515B00AB1632 /* TimeTablev1 */,
			);
		};
/* End PBXProject section */

/* Begin PBXResourcesBuildPhase section */
		F4A099F1292E515B00AB1632 /* Resources */ = {
			isa = PBXResourcesBuildPhase;
			buildActionMask = 2147483647;
			files = (
				F4A09A03292E516000AB1632 /* LaunchScreen.storyboard in Resources */,
				F4A09A00292E516000AB1632 /* Assets.xcassets in Resources */,
				F4A099FE292E515B00AB1632 /* Main.storyboard in Resources */,
			);
			runOnlyForDeploymentPostprocessing = 0;
		};
/* End PBXResourcesBuildPhase section */

/* Begin PBXSourcesBuildPhase section */
		F4A099EF292E515B00AB1632 /* Sources */ = {
			isa = PBXSourcesBuildPhase;
			buildActionMask = 2147483647;
			files = (
				F4A09A0E292E5C5E00AB1632 /* TabBarController.swift in Sources */,
				F424DA10292EACD300D6AC7C /* LessonViewCell.swift in Sources */,
				F4E7AF91292E6B3C001D14F8 /* Timetable.swift in Sources */,
				F4A099F7292E515B00AB1632 /* AppDelegate.swift in Sources */,
				F424DA0E292EA60800D6AC7C /* NewLessonViewController.swift in Sources */,
				F4A099F9292E515B00AB1632 /* SceneDelegate.swift in Sources */,
				F4E7AF93292E74B0001D14F8 /* WeekLessonsViewController.swift in Sources */,
			);
			runOnlyForDeploymentPostprocessing = 0;
		};
/* End PBXSourcesBuildPhase section */

/* Begin PBXVariantGroup section */
		F4A099FC292E515B00AB1632 /* Main.storyboard */ = {
			isa = PBXVariantGroup;
			children = (
				F4A099FD292E515B00AB1632 /* Base */,
			);
			name = Main.storyboard;
			sourceTree = "<group>";
		};
		F4A09A01292E516000AB1632 /* LaunchScreen.storyboard */ = {
			isa = PBXVariantGroup;
			children = (
				F4A09A02292E516000AB1632 /* Base */,
			);
			name = LaunchScreen.storyboard;
			sourceTree = "<group>";
		};
/* End PBXVariantGroup section */

/* Begin XCBuildConfiguration section */
		F4A09A05292E516000AB1632 /* Debug */ = {
			isa = XCBuildConfiguration;
			buildSettings = {
				ALWAYS_SEARCH_USER_PATHS = NO;
				CLANG_ANALYZER_NONNULL = YES;
				CLANG_ANALYZER_NUMBER_OBJECT_CONVERSION = YES_AGGRESSIVE;
				CLANG_CXX_LANGUAGE_STANDARD = "gnu++17";
				CLANG_ENABLE_MODULES = YES;
				CLANG_ENABLE_OBJC_ARC = YES;
				CLANG_ENABLE_OBJC_WEAK = YES;
				CLANG_WARN_BLOCK_CAPTURE_AUTORELEASING = YES;
				CLANG_WARN_BOOL_CONVERSION = YES;
				CLANG_WARN_COMMA = YES;
				CLANG_WARN_CONSTANT_CONVERSION = YES;
				CLANG_WARN_DEPRECATED_OBJC_IMPLEMENTATIONS = YES;
				CLANG_WARN_DIRECT_OBJC_ISA_USAGE = YES_ERROR;
				CLANG_WARN_DOCUMENTATION_COMMENTS = YES;
				CLANG_WARN_EMPTY_BODY = YES;
				CLANG_WARN_ENUM_CONVERSION = YES;
				CLANG_WARN_INFINITE_RECURSION = YES;
				CLANG_WARN_INT_CONVERSION = YES;
				CLANG_WARN_NON_LITERAL_NULL_CONVERSION = YES;
				CLANG_WARN_OBJC_IMPLICIT_RETAIN_SELF = YES;
				CLANG_WARN_OBJC_LITERAL_CONVERSION = YES;
				CLANG_WARN_OBJC_ROOT_CLASS = YES_ERROR;
				CLANG_WARN_QUOTED_INCLUDE_IN_FRAMEWORK_HEADER = YES;
				CLANG_WARN_RANGE_LOOP_ANALYSIS = YES;
				CLANG_WARN_STRICT_PROTOTYPES = YES;
				CLANG_WARN_SUSPICIOUS_MOVE = YES;
				CLANG_WARN_UNGUARDED_AVAILABILITY = YES_AGGRESSIVE;
				CLANG_WARN_UNREACHABLE_CODE = YES;
				CLANG_WARN__DUPLICATE_METHOD_MATCH = YES;
				COPY_PHASE_STRIP = NO;
				DEBUG_INFORMATION_FORMAT = dwarf;
				ENABLE_STRICT_OBJC_MSGSEND = YES;
				ENABLE_TESTABILITY = YES;
				GCC_C_LANGUAGE_STANDARD = gnu11;
				GCC_DYNAMIC_NO_PIC = NO;
				GCC_NO_COMMON_BLOCKS = YES;
				GCC_OPTIMIZATION_LEVEL = 0;
				GCC_PREPROCESSOR_DEFINITIONS = (
					"DEBUG=1",
					"$(inherited)",
				);
				GCC_WARN_64_TO_32_BIT_CONVERSION = YES;
				GCC_WARN_ABOUT_RETURN_TYPE = YES_ERROR;
				GCC_WARN_UNDECLARED_SELECTOR = YES;
				GCC_WARN_UNINITIALIZED_AUTOS = YES_AGGRESSIVE;
				GCC_WARN_UNUSED_FUNCTION = YES;
				GCC_WARN_UNUSED_VARIABLE = YES;
				IPHONEOS_DEPLOYMENT_TARGET = 15.5;
				MTL_ENABLE_DEBUG_INFO = INCLUDE_SOURCE;
				MTL_FAST_MATH = YES;
				ONLY_ACTIVE_ARCH = YES;
				SDKROOT = iphoneos;
				SWIFT_ACTIVE_COMPILATION_CONDITIONS = DEBUG;
				SWIFT_OPTIMIZATION_LEVEL = "-Onone";
			};
			name = Debug;
		};
		F4A09A06292E516000AB1632 /* Release */ = {
			isa = XCBuildConfiguration;
			buildSettings = {
				ALWAYS_SEARCH_USER_PATHS = NO;
				CLANG_ANALYZER_NONNULL = YES;
				CLANG_ANALYZER_NUMBER_OBJECT_CONVERSION = YES_AGGRESSIVE;
				CLANG_CXX_LANGUAGE_STANDARD = "gnu++17";
				CLANG_ENABLE_MODULES = YES;
				CLANG_ENABLE_OBJC_ARC = YES;
				CLANG_ENABLE_OBJC_WEAK = YES;
				CLANG_WARN_BLOCK_CAPTURE_AUTORELEASING = YES;
				CLANG_WARN_BOOL_CONVERSION = YES;
				CLANG_WARN_COMMA = YES;
				CLANG_WARN_CONSTANT_CONVERSION = YES;
				CLANG_WARN_DEPRECATED_OBJC_IMPLEMENTATIONS = YES;
				CLANG_WARN_DIRECT_OBJC_ISA_USAGE = YES_ERROR;
				CLANG_WARN_DOCUMENTATION_COMMENTS = YES;
				CLANG_WARN_EMPTY_BODY = YES;
				CLANG_WARN_ENUM_CONVERSION = YES;
				CLANG_WARN_INFINITE_RECURSION = YES;
				CLANG_WARN_INT_CONVERSION = YES;
				CLANG_WARN_NON_LITERAL_NULL_CONVERSION = YES;
				CLANG_WARN_OBJC_IMPLICIT_RETAIN_SELF = YES;
				CLANG_WARN_OBJC_LITERAL_CONVERSION = YES;
				CLANG_WARN_OBJC_ROOT_CLASS = YES_ERROR;
				CLANG_WARN_QUOTED_INCLUDE_IN_FRAMEWORK_HEADER = YES;
				CLANG_WARN_RANGE_LOOP_ANALYSIS = YES;
				CLANG_WARN_STRICT_PROTOTYPES = YES;
				CLANG_WARN_SUSPICIOUS_MOVE = YES;
				CLANG_WARN_UNGUARDED_AVAILABILITY = YES_AGGRESSIVE;
				CLANG_WARN_UNREACHABLE_CODE = YES;
				CLANG_WARN__DUPLICATE_METHOD_MATCH = YES;
				COPY_PHASE_STRIP = NO;
				DEBUG_INFORMATION_FORMAT = "dwarf-with-dsym";
				ENABLE_NS_ASSERTIONS = NO;
				ENABLE_STRICT_OBJC_MSGSEND = YES;
				GCC_C_LANGUAGE_STANDARD = gnu11;
				GCC_NO_COMMON_BLOCKS = YES;
				GCC_WARN_64_TO_32_BIT_CONVERSION = YES;
				GCC_WARN_ABOUT_RETURN_TYPE = YES_ERROR;
				GCC_WARN_UNDECLARED_SELECTOR = YES;
				GCC_WARN_UNINITIALIZED_AUTOS = YES_AGGRESSIVE;
				GCC_WARN_UNUSED_FUNCTION = YES;
				GCC_WARN_UNUSED_VARIABLE = YES;
				IPHONEOS_DEPLOYMENT_TARGET = 15.5;
				MTL_ENABLE_DEBUG_INFO = NO;
				MTL_FAST_MATH = YES;
				SDKROOT = iphoneos;
				SWIFT_COMPILATION_MODE = wholemodule;
				SWIFT_OPTIMIZATION_LEVEL = "-O";
				VALIDATE_PRODUCT = YES;
			};
			name = Release;
		};
		F4A09A08292E516000AB1632 /* Debug */ = {
			isa = XCBuildConfiguration;
			buildSettings = {
				ASSETCATALOG_COMPILER_APPICON_NAME = AppIcon;
				ASSETCATALOG_COMPILER_GLOBAL_ACCENT_COLOR_NAME = AccentColor;
				CODE_SIGN_STYLE = Automatic;
				CURRENT_PROJECT_VERSION = 1;
				DEVELOPMENT_TEAM = Z52WMUYY55;
				GENERATE_INFOPLIST_FILE = YES;
				INFOPLIST_FILE = TimeTablev1/Info.plist;
				INFOPLIST_KEY_UIApplicationSupportsIndirectInputEvents = YES;
				INFOPLIST_KEY_UILaunchStoryboardName = LaunchScreen;
				INFOPLIST_KEY_UIMainStoryboardFile = Main;
				INFOPLIST_KEY_UISupportedInterfaceOrientations_iPad = "UIInterfaceOrientationPortrait UIInterfaceOrientationPortraitUpsideDown UIInterfaceOrientationLandscapeLeft UIInterfaceOrientationLandscapeRight";
				INFOPLIST_KEY_UISupportedInterfaceOrientations_iPhone = "UIInterfaceOrientationPortrait UIInterfaceOrientationLandscapeLeft UIInterfaceOrientationLandscapeRight";
				LD_RUNPATH_SEARCH_PATHS = (
					"$(inherited)",
					"@executable_path/Frameworks",
				);
				MARKETING_VERSION = 1.0;
				PRODUCT_BUNDLE_IDENTIFIER = project01.TimeTablev1;
				PRODUCT_NAME = "$(TARGET_NAME)";
				SWIFT_EMIT_LOC_STRINGS = YES;
				SWIFT_VERSION = 5.0;
				TARGETED_DEVICE_FAMILY = "1,2";
			};
			name = Debug;
		};
		F4A09A09292E516000AB1632 /* Release */ = {
			isa = XCBuildConfiguration;
			buildSettings = {
				ASSETCATALOG_COMPILER_APPICON_NAME = AppIcon;
				ASSETCATALOG_COMPILER_GLOBAL_ACCENT_COLOR_NAME = AccentColor;
				CODE_SIGN_STYLE = Automatic;
				CURRENT_PROJECT_VERSION = 1;
				DEVELOPMENT_TEAM = Z52WMUYY55;
				GENERATE_INFOPLIST_FILE = YES;
				INFOPLIST_FILE = TimeTablev1/Info.plist;
				INFOPLIST_KEY_UIApplicationSupportsIndirectInputEvents = YES;
				INFOPLIST_KEY_UILaunchStoryboardName = LaunchScreen;
				INFOPLIST_KEY_UIMainStoryboardFile = Main;
				INFOPLIST_KEY_UISupportedInterfaceOrientations_iPad = "UIInterfaceOrientationPortrait UIInterfaceOrientationPortraitUpsideDown UIInterfaceOrientationLandscapeLeft UIInterfaceOrientationLandscapeRight";
				INFOPLIST_KEY_UISupportedInterfaceOrientations_iPhone = "UIInterfaceOrientationPortrait UIInterfaceOrientationLandscapeLeft UIInterfaceOrientationLandscapeRight";
				LD_RUNPATH_SEARCH_PATHS = (
					"$(inherited)",
					"@executable_path/Frameworks",
				);
				MARKETING_VERSION = 1.0;
				PRODUCT_BUNDLE_IDENTIFIER = project01.TimeTablev1;
				PRODUCT_NAME = "$(TARGET_NAME)";
				SWIFT_EMIT_LOC_STRINGS = YES;
				SWIFT_VERSION = 5.0;
				TARGETED_DEVICE_FAMILY = "1,2";
			};
			name = Release;
		};
/* End XCBuildConfiguration section */

/* Begin XCConfigurationList section */
		F4A099EE292E515B00AB1632 /* Build configuration list for PBXProject "TimeTablev1" */ = {
			isa = XCConfigurationList;
			buildConfigurations = (
				F4A09A05292E516000AB1632 /* Debug */,
				F4A09A06292E516000AB1632 /* Release */,
			);
			defaultConfigurationIsVisible = 0;
			defaultConfigurationName = Release;
		};
		F4A09A07292E516000AB1632 /* Build configuration list for PBXNativeTarget "TimeTablev1" */ = {
			isa = XCConfigurationList;
			buildConfigurations = (
				F4A09A08292E516000AB1632 /* Debug */,
				F4A09A09292E516000AB1632 /* Release */,
			);
			defaultConfigurationIsVisible = 0;
			defaultConfigurationName = Release;
		};
/* End XCConfigurationList section */
	};
	rootObject = F4A099EB292E515B00AB1632 /* Project object */;
}
